
Microsoft Visual Studio Solution File, Format Version 12.00
# Visual Studio 15
VisualStudioVersion = 15.0.26228.9
MinimumVisualStudioVersion = 10.0.40219.1
Project("{FAE04EC0-301F-11D3-BF4B-00C04F79EFBC}") = "AbbyyTask", "AbbyyTask\AbbyyTask.csproj", "{55648052-F37F-4E03-ACD9-76116E8B0DE8}"
EndProject
Project("{FAE04EC0-301F-11D3-BF4B-00C04F79EFBC}") = "AbbyyTask.Tests", "AbbyyTask.Tests\AbbyyTask.Tests.csproj", "{F8A6FBA6-7BDC-41C8-8A60-8821E11AFF2D}"
EndProject
Project("{FAE04EC0-301F-11D3-BF4B-00C04F79EFBC}") = "AbbyyTask.Business", "AbbyyTask.Business\AbbyyTask.Business.csproj", "{75CBB87B-77D3-45A5-AD41-F9C8780F9422}"
EndProject
Global
	GlobalSection(SolutionConfigurationPlatforms) = preSolution
		Debug|Any CPU = Debug|Any CPU
		Release|Any CPU = Release|Any CPU
	EndGlobalSection
	GlobalSection(ProjectConfigurationPlatforms) = postSolution
		{55648052-F37F-4E03-ACD9-76116E8B0DE8}.Debug|Any CPU.ActiveCfg = Debug|Any CPU
		{55648052-F37F-4E03-ACD9-76116E8B0DE8}.Debug|Any CPU.Build.0 = Debug|Any CPU
		{55648052-F37F-4E03-ACD9-76116E8B0DE8}.Release|Any CPU.ActiveCfg = Release|Any CPU
		{55648052-F37F-4E03-ACD9-76116E8B0DE8}.Release|Any CPU.Build.0 = Release|Any CPU
		{F8A6FBA6-7BDC-41C8-8A60-8821E11AFF2D}.Debug|Any CPU.ActiveCfg = Debug|Any CPU
		{F8A6FBA6-7BDC-41C8-8A60-8821E11AFF2D}.Debug|Any CPU.Build.0 = Debug|Any CPU
		{F8A6FBA6-7BDC-41C8-8A60-8821E11AFF2D}.Release|Any CPU.ActiveCfg = Release|Any CPU
		{F8A6FBA6-7BDC-41C8-8A60-8821E11AFF2D}.Release|Any CPU.Build.0 = Release|Any CPU
		{75CBB87B-77D3-45A5-AD41-F9C8780F9422}.Debug|Any CPU.ActiveCfg = Debug|Any CPU
		{75CBB87B-77D3-45A5-AD41-F9C8780F9422}.Debug|Any CPU.Build.0 = Debug|Any CPU
		{75CBB87B-77D3-45A5-AD41-F9C8780F9422}.Release|Any CPU.ActiveCfg = Release|Any CPU
		{75CBB87B-77D3-45A5-AD41-F9C8780F9422}.Release|Any CPU.Build.0 = Release|Any CPU
	EndGlobalSection
	GlobalSection(SolutionProperties) = preSolution
		HideSolutionNode = FALSE
	EndGlobalSection
EndGlobal
